
Microsoft Visual Studio Solution File, Format Version 10.00
# Visual Studio 2008
Project("{FAE04EC0-301F-11D3-BF4B-00C04F79EFBC}") = "Mawenzy.BasePlugins", "Plugins\Mawenzy.BasePlugins.csproj", "{94297253-D586-4300-9985-4F854BDFF7C5}"
EndProject
Project("{54435603-DBB4-11D2-8724-00A0C9A8B90C}") = "Mawenzy Uberdash", "Install\Mawenzy Uberdash.vdproj", "{99B90FB6-E349-41C7-A8DB-5080CBAA237D}"
EndProject
Project("{FAE04EC0-301F-11D3-BF4B-00C04F79EFBC}") = "Überdash", "Uberdash\Überdash.csproj", "{FC8064DF-B0BC-4D03-B1AE-077F3387412C}"
EndProject
Global
	GlobalSection(SolutionConfigurationPlatforms) = preSolution
		Debug|Any CPU = Debug|Any CPU
		Release|Any CPU = Release|Any CPU
	EndGlobalSection
	GlobalSection(ProjectConfigurationPlatforms) = postSolution
		{94297253-D586-4300-9985-4F854BDFF7C5}.Debug|Any CPU.ActiveCfg = Debug|Any CPU
		{94297253-D586-4300-9985-4F854BDFF7C5}.Debug|Any CPU.Build.0 = Debug|Any CPU
		{94297253-D586-4300-9985-4F854BDFF7C5}.Release|Any CPU.ActiveCfg = Release|Any CPU
		{94297253-D586-4300-9985-4F854BDFF7C5}.Release|Any CPU.Build.0 = Release|Any CPU
		{99B90FB6-E349-41C7-A8DB-5080CBAA237D}.Debug|Any CPU.ActiveCfg = Debug
		{99B90FB6-E349-41C7-A8DB-5080CBAA237D}.Release|Any CPU.ActiveCfg = Release
		{FC8064DF-B0BC-4D03-B1AE-077F3387412C}.Debug|Any CPU.ActiveCfg = Debug|Any CPU
		{FC8064DF-B0BC-4D03-B1AE-077F3387412C}.Debug|Any CPU.Build.0 = Debug|Any CPU
		{FC8064DF-B0BC-4D03-B1AE-077F3387412C}.Release|Any CPU.ActiveCfg = Release|Any CPU
		{FC8064DF-B0BC-4D03-B1AE-077F3387412C}.Release|Any CPU.Build.0 = Release|Any CPU
	EndGlobalSection
	GlobalSection(SolutionProperties) = preSolution
		HideSolutionNode = FALSE
	EndGlobalSection
EndGlobal
